{
  "version": "4",
  "specifiers": {
    "jsr:@nc/typegen@~0.1.1": "0.1.1",
    "jsr:@std/assert@1": "1.0.8",
    "jsr:@std/assert@^1.0.8": "1.0.8",
    "jsr:@std/internal@^1.0.5": "1.0.5",
    "jsr:@std/text@^1.0.12": "1.0.12",
    "npm:word-wrap@*": "1.2.5",
    "npm:word-wrap@^1.2.5": "1.2.5"
  },
  "jsr": {
    "@nc/typegen@0.1.1": {
      "integrity": "db767f27c8851ab114f962b91a7fab1913c324b424f0538a391405bfdd642914"
    },
    "@std/assert@1.0.8": {
      "integrity": "ebe0bd7eb488ee39686f77003992f389a06c3da1bbd8022184804852b2fa641b",
      "dependencies": [
        "jsr:@std/internal"
      ]
    },
    "@std/internal@1.0.5": {
      "integrity": "54a546004f769c1ac9e025abd15a76b6671ddc9687e2313b67376125650dc7ba"
    },
    "@std/text@1.0.12": {
      "integrity": "921132a41e03a2363f76ee5afe83c90a6271596aa95c137494edcb3404a564a5"
    }
  },
  "npm": {
    "word-wrap@1.2.5": {
      "integrity": "sha512-BN22B5eaMMI9UMtjrGd5g5eCYPpCPDUy0FJXbYsaT5zYxjFOckS53SQDE3pWkVoWpHXVb3BrYcEN4Twa55B5cA=="
    }
  },
  "workspace": {
    "dependencies": [
      "jsr:@nc/typegen@~0.1.1",
      "jsr:@std/assert@1",
      "jsr:@std/text@^1.0.12",
      "npm:word-wrap@^1.2.5"
    ]
  }
}
