{
  "version": "4",
  "specifiers": {
    "jsr:@nc/typegen@~0.1.1": "0.1.1",
    "jsr:@std/text@^1.0.12": "1.0.13",
    "npm:word-wrap@*": "1.2.5",
    "npm:word-wrap@^1.2.5": "1.2.5"
  },
  "jsr": {
    "@nc/typegen@0.1.1": {
      "integrity": "db767f27c8851ab114f962b91a7fab1913c324b424f0538a391405bfdd642914"
    },
    "@std/text@1.0.13": {
      "integrity": "2191c90e6e667b0c3b7dea1cd082137580a93b3c136bad597c0212d5fe006eb1"
    }
  },
  "npm": {
    "word-wrap@1.2.5": {
      "integrity": "sha512-BN22B5eaMMI9UMtjrGd5g5eCYPpCPDUy0FJXbYsaT5zYxjFOckS53SQDE3pWkVoWpHXVb3BrYcEN4Twa55B5cA=="
    }
  },
  "workspace": {
    "dependencies": [
      "jsr:@nc/typegen@~0.1.1",
      "jsr:@std/assert@1",
      "jsr:@std/testing@^1.0.11",
      "jsr:@std/text@^1.0.12",
      "npm:word-wrap@^1.2.5"
    ]
  }
}
